// !$*UTF8*$!
{
	archiveVersion = 1;
	classes = {
	};
	objectVersion = 51;
	objects = {

/* Begin PBXBuildFile section */
		F44B574D2445683B00E29405 /* AppDelegate.swift in Sources */ = {isa = PBXBuildFile; fileRef = F44B574C2445683B00E29405 /* AppDelegate.swift */; };
		F44B574F2445683B00E29405 /* SceneDelegate.swift in Sources */ = {isa = PBXBuildFile; fileRef = F44B574E2445683B00E29405 /* SceneDelegate.swift */; };
		F44B57512445683B00E29405 /* ViewController.swift in Sources */ = {isa = PBXBuildFile; fileRef = F44B57502445683B00E29405 /* ViewController.swift */; };
		F44B57542445683B00E29405 /* Main.storyboard in Resources */ = {isa = PBXBuildFile; fileRef = F44B57522445683B00E29405 /* Main.storyboard */; };
		F44B57562445684100E29405 /* Assets.xcassets in Resources */ = {isa = PBXBuildFile; fileRef = F44B57552445684100E29405 /* Assets.xcassets */; };
		F44B57592445684100E29405 /* LaunchScreen.storyboard in Resources */ = {isa = PBXBuildFile; fileRef = F44B57572445684100E29405 /* LaunchScreen.storyboard */; };
		F44B57642445684100E29405 /* SwiftDemoTests.swift in Sources */ = {isa = PBXBuildFile; fileRef = F44B57632445684100E29405 /* SwiftDemoTests.swift */; };
		F44B576F2445684100E29405 /* SwiftDemoUITests.swift in Sources */ = {isa = PBXBuildFile; fileRef = F44B576E2445684100E29405 /* SwiftDemoUITests.swift */; };
		F44B577F24458D0200E29405 /* TXModel.swift in Sources */ = {isa = PBXBuildFile; fileRef = F44B577E24458D0200E29405 /* TXModel.swift */; };
		F45B7FCE2466B00C0084F88A /* StudyController.swift in Sources */ = {isa = PBXBuildFile; fileRef = F45B7FCD2466B00C0084F88A /* StudyController.swift */; };
		F487918D24485C5A008D5C5D /* Pods_SwiftDemo.framework in Frameworks */ = {isa = PBXBuildFile; fileRef = F487918C24485C5A008D5C5D /* Pods_SwiftDemo.framework */; };
/* End PBXBuildFile section */

/* Begin PBXContainerItemProxy section */
		F44B57602445684100E29405 /* PBXContainerItemProxy */ = {
			isa = PBXContainerItemProxy;
			containerPortal = F44B57412445683A00E29405 /* Project object */;
			proxyType = 1;
			remoteGlobalIDString = F44B57482445683B00E29405;
			remoteInfo = SwiftDemo;
		};
		F44B576B2445684100E29405 /* PBXContainerItemProxy */ = {
			isa = PBXContainerItemProxy;
			containerPortal = F44B57412445683A00E29405 /* Project object */;
			proxyType = 1;
			remoteGlobalIDString = F44B57482445683B00E29405;
			remoteInfo = SwiftDemo;
		};
/* End PBXContainerItemProxy section */

/* Begin PBXFileReference section */
		196CAE10707D74BD39F21EC7 /* Pods_SwiftDemo.framework */ = {isa = PBXFileReference; explicitFileType = wrapper.framework; includeInIndex = 0; path = Pods_SwiftDemo.framework; sourceTree = BUILT_PRODUCTS_DIR; };
		37A9997E0E368588635B8BC8 /* Pods-SwiftDemo.debug.xcconfig */ = {isa = PBXFileReference; includeInIndex = 1; lastKnownFileType = text.xcconfig; name = "Pods-SwiftDemo.debug.xcconfig"; path = "Target Support Files/Pods-SwiftDemo/Pods-SwiftDemo.debug.xcconfig"; sourceTree = "<group>"; };
		9AF276693D27D48E47027E93 /* Pods-SwiftDemo.release.xcconfig */ = {isa = PBXFileReference; includeInIndex = 1; lastKnownFileType = text.xcconfig; name = "Pods-SwiftDemo.release.xcconfig"; path = "Target Support Files/Pods-SwiftDemo/Pods-SwiftDemo.release.xcconfig"; sourceTree = "<group>"; };
		F4470021244849400060A02F /* SnapKit.framework */ = {isa = PBXFileReference; explicitFileType = wrapper.framework; path = SnapKit.framework; sourceTree = BUILT_PRODUCTS_DIR; };
		F4470023244849430060A02F /* Alamofire.framework */ = {isa = PBXFileReference; explicitFileType = wrapper.framework; path = Alamofire.framework; sourceTree = BUILT_PRODUCTS_DIR; };
		F4470025244849710060A02F /* Alamofire.framework */ = {isa = PBXFileReference; explicitFileType = wrapper.framework; path = Alamofire.framework; sourceTree = BUILT_PRODUCTS_DIR; };
		F4470027244849740060A02F /* SnapKit.framework */ = {isa = PBXFileReference; explicitFileType = wrapper.framework; path = SnapKit.framework; sourceTree = BUILT_PRODUCTS_DIR; };
		F4470029244849FC0060A02F /* Pods_SwiftDemo.framework */ = {isa = PBXFileReference; explicitFileType = wrapper.framework; path = Pods_SwiftDemo.framework; sourceTree = BUILT_PRODUCTS_DIR; };
		F447002B24484A180060A02F /* Alamofire.framework */ = {isa = PBXFileReference; explicitFileType = wrapper.framework; path = Alamofire.framework; sourceTree = BUILT_PRODUCTS_DIR; };
		F447002D24484A1C0060A02F /* SnapKit.framework */ = {isa = PBXFileReference; explicitFileType = wrapper.framework; path = SnapKit.framework; sourceTree = BUILT_PRODUCTS_DIR; };
		F447002F24484A720060A02F /* Pods_SwiftDemo.framework */ = {isa = PBXFileReference; explicitFileType = wrapper.framework; path = Pods_SwiftDemo.framework; sourceTree = BUILT_PRODUCTS_DIR; };
		F4470031244852740060A02F /* Alamofire.framework */ = {isa = PBXFileReference; explicitFileType = wrapper.framework; path = Alamofire.framework; sourceTree = BUILT_PRODUCTS_DIR; };
		F44B57492445683B00E29405 /* SwiftDemo.app */ = {isa = PBXFileReference; explicitFileType = wrapper.application; includeInIndex = 0; path = SwiftDemo.app; sourceTree = BUILT_PRODUCTS_DIR; };
		F44B574C2445683B00E29405 /* AppDelegate.swift */ = {isa = PBXFileReference; lastKnownFileType = sourcecode.swift; path = AppDelegate.swift; sourceTree = "<group>"; };
		F44B574E2445683B00E29405 /* SceneDelegate.swift */ = {isa = PBXFileReference; lastKnownFileType = sourcecode.swift; path = SceneDelegate.swift; sourceTree = "<group>"; };
		F44B57502445683B00E29405 /* ViewController.swift */ = {isa = PBXFileReference; lastKnownFileType = sourcecode.swift; path = ViewController.swift; sourceTree = "<group>"; };
		F44B57532445683B00E29405 /* Base */ = {isa = PBXFileReference; lastKnownFileType = file.storyboard; name = Base; path = Base.lproj/Main.storyboard; sourceTree = "<group>"; };
		F44B57552445684100E29405 /* Assets.xcassets */ = {isa = PBXFileReference; lastKnownFileType = folder.assetcatalog; path = Assets.xcassets; sourceTree = "<group>"; };
		F44B57582445684100E29405 /* Base */ = {isa = PBXFileReference; lastKnownFileType = file.storyboard; name = Base; path = Base.lproj/LaunchScreen.storyboard; sourceTree = "<group>"; };
		F44B575A2445684100E29405 /* Info.plist */ = {isa = PBXFileReference; lastKnownFileType = text.plist.xml; path = Info.plist; sourceTree = "<group>"; };
		F44B575F2445684100E29405 /* SwiftDemoTests.xctest */ = {isa = PBXFileReference; explicitFileType = wrapper.cfbundle; includeInIndex = 0; path = SwiftDemoTests.xctest; sourceTree = BUILT_PRODUCTS_DIR; };
		F44B57632445684100E29405 /* SwiftDemoTests.swift */ = {isa = PBXFileReference; lastKnownFileType = sourcecode.swift; path = SwiftDemoTests.swift; sourceTree = "<group>"; };
		F44B57652445684100E29405 /* Info.plist */ = {isa = PBXFileReference; lastKnownFileType = text.plist.xml; path = Info.plist; sourceTree = "<group>"; };
		F44B576A2445684100E29405 /* SwiftDemoUITests.xctest */ = {isa = PBXFileReference; explicitFileType = wrapper.cfbundle; includeInIndex = 0; path = SwiftDemoUITests.xctest; sourceTree = BUILT_PRODUCTS_DIR; };
		F44B576E2445684100E29405 /* SwiftDemoUITests.swift */ = {isa = PBXFileReference; lastKnownFileType = sourcecode.swift; path = SwiftDemoUITests.swift; sourceTree = "<group>"; };
		F44B57702445684100E29405 /* Info.plist */ = {isa = PBXFileReference; lastKnownFileType = text.plist.xml; path = Info.plist; sourceTree = "<group>"; };
		F44B577E24458D0200E29405 /* TXModel.swift */ = {isa = PBXFileReference; lastKnownFileType = sourcecode.swift; path = TXModel.swift; sourceTree = "<group>"; };
		F45B7FCD2466B00C0084F88A /* StudyController.swift */ = {isa = PBXFileReference; lastKnownFileType = sourcecode.swift; path = StudyController.swift; sourceTree = "<group>"; };
		F487918C24485C5A008D5C5D /* Pods_SwiftDemo.framework */ = {isa = PBXFileReference; explicitFileType = wrapper.framework; path = Pods_SwiftDemo.framework; sourceTree = BUILT_PRODUCTS_DIR; };
/* End PBXFileReference section */

/* Begin PBXFrameworksBuildPhase section */
		F44B57462445683B00E29405 /* Frameworks */ = {
			isa = PBXFrameworksBuildPhase;
			buildActionMask = 2147483647;
			files = (
				F487918D24485C5A008D5C5D /* Pods_SwiftDemo.framework in Frameworks */,
			);
			runOnlyForDeploymentPostprocessing = 0;
		};
		F44B575C2445684100E29405 /* Frameworks */ = {
			isa = PBXFrameworksBuildPhase;
			buildActionMask = 2147483647;
			files = (
			);
			runOnlyForDeploymentPostprocessing = 0;
		};
		F44B57672445684100E29405 /* Frameworks */ = {
			isa = PBXFrameworksBuildPhase;
			buildActionMask = 2147483647;
			files = (
			);
			runOnlyForDeploymentPostprocessing = 0;
		};
/* End PBXFrameworksBuildPhase section */

/* Begin PBXGroup section */
		23A22F2FED2001CB75D3B424 /* Pods */ = {
			isa = PBXGroup;
			children = (
				37A9997E0E368588635B8BC8 /* Pods-SwiftDemo.debug.xcconfig */,
				9AF276693D27D48E47027E93 /* Pods-SwiftDemo.release.xcconfig */,
			);
			path = Pods;
			sourceTree = "<group>";
		};
		D88B4904D0A947574B5FC8A0 /* Frameworks */ = {
			isa = PBXGroup;
			children = (
				F487918C24485C5A008D5C5D /* Pods_SwiftDemo.framework */,
				F4470031244852740060A02F /* Alamofire.framework */,
				F447002F24484A720060A02F /* Pods_SwiftDemo.framework */,
				F447002D24484A1C0060A02F /* SnapKit.framework */,
				F447002B24484A180060A02F /* Alamofire.framework */,
				F4470029244849FC0060A02F /* Pods_SwiftDemo.framework */,
				F4470027244849740060A02F /* SnapKit.framework */,
				F4470025244849710060A02F /* Alamofire.framework */,
				F4470023244849430060A02F /* Alamofire.framework */,
				F4470021244849400060A02F /* SnapKit.framework */,
				196CAE10707D74BD39F21EC7 /* Pods_SwiftDemo.framework */,
			);
			name = Frameworks;
			sourceTree = "<group>";
		};
		F44B57402445683A00E29405 = {
			isa = PBXGroup;
			children = (
				F44B574B2445683B00E29405 /* SwiftDemo */,
				F44B57622445684100E29405 /* SwiftDemoTests */,
				F44B576D2445684100E29405 /* SwiftDemoUITests */,
				F44B574A2445683B00E29405 /* Products */,
				23A22F2FED2001CB75D3B424 /* Pods */,
				D88B4904D0A947574B5FC8A0 /* Frameworks */,
			);
			sourceTree = "<group>";
		};
		F44B574A2445683B00E29405 /* Products */ = {
			isa = PBXGroup;
			children = (
				F44B57492445683B00E29405 /* SwiftDemo.app */,
				F44B575F2445684100E29405 /* SwiftDemoTests.xctest */,
				F44B576A2445684100E29405 /* SwiftDemoUITests.xctest */,
			);
			name = Products;
			sourceTree = "<group>";
		};
		F44B574B2445683B00E29405 /* SwiftDemo */ = {
			isa = PBXGroup;
			children = (
				F44B574C2445683B00E29405 /* AppDelegate.swift */,
				F44B574E2445683B00E29405 /* SceneDelegate.swift */,
				F44B57502445683B00E29405 /* ViewController.swift */,
				F45B7FCD2466B00C0084F88A /* StudyController.swift */,
				F44B577E24458D0200E29405 /* TXModel.swift */,
				F44B57522445683B00E29405 /* Main.storyboard */,
				F44B57552445684100E29405 /* Assets.xcassets */,
				F44B57572445684100E29405 /* LaunchScreen.storyboard */,
				F44B575A2445684100E29405 /* Info.plist */,
			);
			path = SwiftDemo;
			sourceTree = "<group>";
		};
		F44B57622445684100E29405 /* SwiftDemoTests */ = {
			isa = PBXGroup;
			children = (
				F44B57632445684100E29405 /* SwiftDemoTests.swift */,
				F44B57652445684100E29405 /* Info.plist */,
			);
			path = SwiftDemoTests;
			sourceTree = "<group>";
		};
		F44B576D2445684100E29405 /* SwiftDemoUITests */ = {
			isa = PBXGroup;
			children = (
				F44B576E2445684100E29405 /* SwiftDemoUITests.swift */,
				F44B57702445684100E29405 /* Info.plist */,
			);
			path = SwiftDemoUITests;
			sourceTree = "<group>";
		};
/* End PBXGroup section */

/* Begin PBXNativeTarget section */
		F44B57482445683B00E29405 /* SwiftDemo */ = {
			isa = PBXNativeTarget;
			buildConfigurationList = F44B57732445684100E29405 /* Build configuration list for PBXNativeTarget "SwiftDemo" */;
			buildPhases = (
				EDE102C920B96EAF6686875C /* [CP] Check Pods Manifest.lock */,
				F44B57452445683B00E29405 /* Sources */,
				F44B57462445683B00E29405 /* Frameworks */,
				F44B57472445683B00E29405 /* Resources */,
				4C0E1C6E742694CACDE26F88 /* [CP] Embed Pods Frameworks */,
			);
			buildRules = (
			);
			dependencies = (
			);
			name = SwiftDemo;
			productName = SwiftDemo;
			productReference = F44B57492445683B00E29405 /* SwiftDemo.app */;
			productType = "com.apple.product-type.application";
		};
		F44B575E2445684100E29405 /* SwiftDemoTests */ = {
			isa = PBXNativeTarget;
			buildConfigurationList = F44B57762445684100E29405 /* Build configuration list for PBXNativeTarget "SwiftDemoTests" */;
			buildPhases = (
				F44B575B2445684100E29405 /* Sources */,
				F44B575C2445684100E29405 /* Frameworks */,
				F44B575D2445684100E29405 /* Resources */,
			);
			buildRules = (
			);
			dependencies = (
				F44B57612445684100E29405 /* PBXTargetDependency */,
			);
			name = SwiftDemoTests;
			productName = SwiftDemoTests;
			productReference = F44B575F2445684100E29405 /* SwiftDemoTests.xctest */;
			productType = "com.apple.product-type.bundle.unit-test";
		};
		F44B57692445684100E29405 /* SwiftDemoUITests */ = {
			isa = PBXNativeTarget;
			buildConfigurationList = F44B57792445684100E29405 /* Build configuration list for PBXNativeTarget "SwiftDemoUITests" */;
			buildPhases = (
				F44B57662445684100E29405 /* Sources */,
				F44B57672445684100E29405 /* Frameworks */,
				F44B57682445684100E29405 /* Resources */,
			);
			buildRules = (
			);
			dependencies = (
				F44B576C2445684100E29405 /* PBXTargetDependency */,
			);
			name = SwiftDemoUITests;
			productName = SwiftDemoUITests;
			productReference = F44B576A2445684100E29405 /* SwiftDemoUITests.xctest */;
			productType = "com.apple.product-type.bundle.ui-testing";
		};
/* End PBXNativeTarget section */

/* Begin PBXProject section */
		F44B57412445683A00E29405 /* Project object */ = {
			isa = PBXProject;
			attributes = {
				LastSwiftUpdateCheck = 1130;
				LastUpgradeCheck = 1130;
				ORGANIZATIONNAME = ULDD;
				TargetAttributes = {
					F44B57482445683B00E29405 = {
						CreatedOnToolsVersion = 11.3;
					};
					F44B575E2445684100E29405 = {
						CreatedOnToolsVersion = 11.3;
						TestTargetID = F44B57482445683B00E29405;
					};
					F44B57692445684100E29405 = {
						CreatedOnToolsVersion = 11.3;
						TestTargetID = F44B57482445683B00E29405;
					};
				};
			};
			buildConfigurationList = F44B57442445683B00E29405 /* Build configuration list for PBXProject "SwiftDemo" */;
			compatibilityVersion = "Xcode 9.3";
			developmentRegion = en;
			hasScannedForEncodings = 0;
			knownRegions = (
				en,
				Base,
			);
			mainGroup = F44B57402445683A00E29405;
			productRefGroup = F44B574A2445683B00E29405 /* Products */;
			projectDirPath = "";
			projectRoot = "";
			targets = (
				F44B57482445683B00E29405 /* SwiftDemo */,
				F44B575E2445684100E29405 /* SwiftDemoTests */,
				F44B57692445684100E29405 /* SwiftDemoUITests */,
			);
		};
/* End PBXProject section */

/* Begin PBXResourcesBuildPhase section */
		F44B57472445683B00E29405 /* Resources */ = {
			isa = PBXResourcesBuildPhase;
			buildActionMask = 2147483647;
			files = (
				F44B57592445684100E29405 /* LaunchScreen.storyboard in Resources */,
				F44B57562445684100E29405 /* Assets.xcassets in Resources */,
				F44B57542445683B00E29405 /* Main.storyboard in Resources */,
			);
			runOnlyForDeploymentPostprocessing = 0;
		};
		F44B575D2445684100E29405 /* Resources */ = {
			isa = PBXResourcesBuildPhase;
			buildActionMask = 2147483647;
			files = (
			);
			runOnlyForDeploymentPostprocessing = 0;
		};
		F44B57682445684100E29405 /* Resources */ = {
			isa = PBXResourcesBuildPhase;
			buildActionMask = 2147483647;
			files = (
			);
			runOnlyForDeploymentPostprocessing = 0;
		};
/* End PBXResourcesBuildPhase section */

/* Begin PBXShellScriptBuildPhase section */
		4C0E1C6E742694CACDE26F88 /* [CP] Embed Pods Frameworks */ = {
			isa = PBXShellScriptBuildPhase;
			buildActionMask = 2147483647;
			files = (
			);
			inputFileListPaths = (
				"${PODS_ROOT}/Target Support Files/Pods-SwiftDemo/Pods-SwiftDemo-frameworks-${CONFIGURATION}-input-files.xcfilelist",
			);
			name = "[CP] Embed Pods Frameworks";
			outputFileListPaths = (
				"${PODS_ROOT}/Target Support Files/Pods-SwiftDemo/Pods-SwiftDemo-frameworks-${CONFIGURATION}-output-files.xcfilelist",
			);
			runOnlyForDeploymentPostprocessing = 0;
			shellPath = /bin/sh;
			shellScript = "\"${PODS_ROOT}/Target Support Files/Pods-SwiftDemo/Pods-SwiftDemo-frameworks.sh\"\n";
			showEnvVarsInLog = 0;
		};
		EDE102C920B96EAF6686875C /* [CP] Check Pods Manifest.lock */ = {
			isa = PBXShellScriptBuildPhase;
			buildActionMask = 2147483647;
			files = (
			);
			inputFileListPaths = (
			);
			inputPaths = (
				"${PODS_PODFILE_DIR_PATH}/Podfile.lock",
				"${PODS_ROOT}/Manifest.lock",
			);
			name = "[CP] Check Pods Manifest.lock";
			outputFileListPaths = (
			);
			outputPaths = (
				"$(DERIVED_FILE_DIR)/Pods-SwiftDemo-checkManifestLockResult.txt",
			);
			runOnlyForDeploymentPostprocessing = 0;
			shellPath = /bin/sh;
			shellScript = "diff \"${PODS_PODFILE_DIR_PATH}/Podfile.lock\" \"${PODS_ROOT}/Manifest.lock\" > /dev/null\nif [ $? != 0 ] ; then\n    # print error to STDERR\n    echo \"error: The sandbox is not in sync with the Podfile.lock. Run 'pod install' or update your CocoaPods installation.\" >&2\n    exit 1\nfi\n# This output is used by Xcode 'outputs' to avoid re-running this script phase.\necho \"SUCCESS\" > \"${SCRIPT_OUTPUT_FILE_0}\"\n";
			showEnvVarsInLog = 0;
		};
/* End PBXShellScriptBuildPhase section */

/* Begin PBXSourcesBuildPhase section */
		F44B57452445683B00E29405 /* Sources */ = {
			isa = PBXSourcesBuildPhase;
			buildActionMask = 2147483647;
			files = (
				F45B7FCE2466B00C0084F88A /* StudyController.swift in Sources */,
				F44B57512445683B00E29405 /* ViewController.swift in Sources */,
				F44B577F24458D0200E29405 /* TXModel.swift in Sources */,
				F44B574D2445683B00E29405 /* AppDelegate.swift in Sources */,
				F44B574F2445683B00E29405 /* SceneDelegate.swift in Sources */,
			);
			runOnlyForDeploymentPostprocessing = 0;
		};
		F44B575B2445684100E29405 /* Sources */ = {
			isa = PBXSourcesBuildPhase;
			buildActionMask = 2147483647;
			files = (
				F44B57642445684100E29405 /* SwiftDemoTests.swift in Sources */,
			);
			runOnlyForDeploymentPostprocessing = 0;
		};
		F44B57662445684100E29405 /* Sources */ = {
			isa = PBXSourcesBuildPhase;
			buildActionMask = 2147483647;
			files = (
				F44B576F2445684100E29405 /* SwiftDemoUITests.swift in Sources */,
			);
			runOnlyForDeploymentPostprocessing = 0;
		};
/* End PBXSourcesBuildPhase section */

/* Begin PBXTargetDependency section */
		F44B57612445684100E29405 /* PBXTargetDependency */ = {
			isa = PBXTargetDependency;
			target = F44B57482445683B00E29405 /* SwiftDemo */;
			targetProxy = F44B57602445684100E29405 /* PBXContainerItemProxy */;
		};
		F44B576C2445684100E29405 /* PBXTargetDependency */ = {
			isa = PBXTargetDependency;
			target = F44B57482445683B00E29405 /* SwiftDemo */;
			targetProxy = F44B576B2445684100E29405 /* PBXContainerItemProxy */;
		};
/* End PBXTargetDependency section */

/* Begin PBXVariantGroup section */
		F44B57522445683B00E29405 /* Main.storyboard */ = {
			isa = PBXVariantGroup;
			children = (
				F44B57532445683B00E29405 /* Base */,
			);
			name = Main.storyboard;
			sourceTree = "<group>";
		};
		F44B57572445684100E29405 /* LaunchScreen.storyboard */ = {
			isa = PBXVariantGroup;
			children = (
				F44B57582445684100E29405 /* Base */,
			);
			name = LaunchScreen.storyboard;
			sourceTree = "<group>";
		};
/* End PBXVariantGroup section */

/* Begin XCBuildConfiguration section */
		F44B57712445684100E29405 /* Debug */ = {
			isa = XCBuildConfiguration;
			buildSettings = {
				ALWAYS_SEARCH_USER_PATHS = NO;
				CLANG_ANALYZER_NONNULL = YES;
				CLANG_ANALYZER_NUMBER_OBJECT_CONVERSION = YES_AGGRESSIVE;
				CLANG_CXX_LANGUAGE_STANDARD = "gnu++14";
				CLANG_CXX_LIBRARY = "libc++";
				CLANG_ENABLE_MODULES = YES;
				CLANG_ENABLE_OBJC_ARC = YES;
				CLANG_ENABLE_OBJC_WEAK = YES;
				CLANG_WARN_BLOCK_CAPTURE_AUTORELEASING = YES;
				CLANG_WARN_BOOL_CONVERSION = YES;
				CLANG_WARN_COMMA = YES;
				CLANG_WARN_CONSTANT_CONVERSION = YES;
				CLANG_WARN_DEPRECATED_OBJC_IMPLEMENTATIONS = YES;
				CLANG_WARN_DIRECT_OBJC_ISA_USAGE = YES_ERROR;
				CLANG_WARN_DOCUMENTATION_COMMENTS = YES;
				CLANG_WARN_EMPTY_BODY = YES;
				CLANG_WARN_ENUM_CONVERSION = YES;
				CLANG_WARN_INFINITE_RECURSION = YES;
				CLANG_WARN_INT_CONVERSION = YES;
				CLANG_WARN_NON_LITERAL_NULL_CONVERSION = YES;
				CLANG_WARN_OBJC_IMPLICIT_RETAIN_SELF = YES;
				CLANG_WARN_OBJC_LITERAL_CONVERSION = YES;
				CLANG_WARN_OBJC_ROOT_CLASS = YES_ERROR;
				CLANG_WARN_RANGE_LOOP_ANALYSIS = YES;
				CLANG_WARN_STRICT_PROTOTYPES = YES;
				CLANG_WARN_SUSPICIOUS_MOVE = YES;
				CLANG_WARN_UNGUARDED_AVAILABILITY = YES_AGGRESSIVE;
				CLANG_WARN_UNREACHABLE_CODE = YES;
				CLANG_WARN__DUPLICATE_METHOD_MATCH = YES;
				COPY_PHASE_STRIP = NO;
				DEBUG_INFORMATION_FORMAT = dwarf;
				ENABLE_STRICT_OBJC_MSGSEND = YES;
				ENABLE_TESTABILITY = YES;
				GCC_C_LANGUAGE_STANDARD = gnu11;
				GCC_DYNAMIC_NO_PIC = NO;
				GCC_NO_COMMON_BLOCKS = YES;
				GCC_OPTIMIZATION_LEVEL = 0;
				GCC_PREPROCESSOR_DEFINITIONS = (
					"DEBUG=1",
					"$(inherited)",
				);
				GCC_WARN_64_TO_32_BIT_CONVERSION = YES;
				GCC_WARN_ABOUT_RETURN_TYPE = YES_ERROR;
				GCC_WARN_UNDECLARED_SELECTOR = YES;
				GCC_WARN_UNINITIALIZED_AUTOS = YES_AGGRESSIVE;
				GCC_WARN_UNUSED_FUNCTION = YES;
				GCC_WARN_UNUSED_VARIABLE = YES;
				IPHONEOS_DEPLOYMENT_TARGET = 13.2;
				MTL_ENABLE_DEBUG_INFO = INCLUDE_SOURCE;
				MTL_FAST_MATH = YES;
				ONLY_ACTIVE_ARCH = YES;
				SDKROOT = iphoneos;
				SWIFT_ACTIVE_COMPILATION_CONDITIONS = DEBUG;
				SWIFT_OPTIMIZATION_LEVEL = "-Onone";
			};
			name = Debug;
		};
		F44B57722445684100E29405 /* Release */ = {
			isa = XCBuildConfiguration;
			buildSettings = {
				ALWAYS_SEARCH_USER_PATHS = NO;
				CLANG_ANALYZER_NONNULL = YES;
				CLANG_ANALYZER_NUMBER_OBJECT_CONVERSION = YES_AGGRESSIVE;
				CLANG_CXX_LANGUAGE_STANDARD = "gnu++14";
				CLANG_CXX_LIBRARY = "libc++";
				CLANG_ENABLE_MODULES = YES;
				CLANG_ENABLE_OBJC_ARC = YES;
				CLANG_ENABLE_OBJC_WEAK = YES;
				CLANG_WARN_BLOCK_CAPTURE_AUTORELEASING = YES;
				CLANG_WARN_BOOL_CONVERSION = YES;
				CLANG_WARN_COMMA = YES;
				CLANG_WARN_CONSTANT_CONVERSION = YES;
				CLANG_WARN_DEPRECATED_OBJC_IMPLEMENTATIONS = YES;
				CLANG_WARN_DIRECT_OBJC_ISA_USAGE = YES_ERROR;
				CLANG_WARN_DOCUMENTATION_COMMENTS = YES;
				CLANG_WARN_EMPTY_BODY = YES;
				CLANG_WARN_ENUM_CONVERSION = YES;
				CLANG_WARN_INFINITE_RECURSION = YES;
				CLANG_WARN_INT_CONVERSION = YES;
				CLANG_WARN_NON_LITERAL_NULL_CONVERSION = YES;
				CLANG_WARN_OBJC_IMPLICIT_RETAIN_SELF = YES;
				CLANG_WARN_OBJC_LITERAL_CONVERSION = YES;
				CLANG_WARN_OBJC_ROOT_CLASS = YES_ERROR;
				CLANG_WARN_RANGE_LOOP_ANALYSIS = YES;
				CLANG_WARN_STRICT_PROTOTYPES = YES;
				CLANG_WARN_SUSPICIOUS_MOVE = YES;
				CLANG_WARN_UNGUARDED_AVAILABILITY = YES_AGGRESSIVE;
				CLANG_WARN_UNREACHABLE_CODE = YES;
				CLANG_WARN__DUPLICATE_METHOD_MATCH = YES;
				COPY_PHASE_STRIP = NO;
				DEBUG_INFORMATION_FORMAT = "dwarf-with-dsym";
				ENABLE_NS_ASSERTIONS = NO;
				ENABLE_STRICT_OBJC_MSGSEND = YES;
				GCC_C_LANGUAGE_STANDARD = gnu11;
				GCC_NO_COMMON_BLOCKS = YES;
				GCC_WARN_64_TO_32_BIT_CONVERSION = YES;
				GCC_WARN_ABOUT_RETURN_TYPE = YES_ERROR;
				GCC_WARN_UNDECLARED_SELECTOR = YES;
				GCC_WARN_UNINITIALIZED_AUTOS = YES_AGGRESSIVE;
				GCC_WARN_UNUSED_FUNCTION = YES;
				GCC_WARN_UNUSED_VARIABLE = YES;
				IPHONEOS_DEPLOYMENT_TARGET = 13.2;
				MTL_ENABLE_DEBUG_INFO = NO;
				MTL_FAST_MATH = YES;
				SDKROOT = iphoneos;
				SWIFT_COMPILATION_MODE = wholemodule;
				SWIFT_OPTIMIZATION_LEVEL = "-O";
				VALIDATE_PRODUCT = YES;
			};
			name = Release;
		};
		F44B57742445684100E29405 /* Debug */ = {
			isa = XCBuildConfiguration;
			baseConfigurationReference = 37A9997E0E368588635B8BC8 /* Pods-SwiftDemo.debug.xcconfig */;
			buildSettings = {
				ASSETCATALOG_COMPILER_APPICON_NAME = AppIcon;
				CODE_SIGN_STYLE = Automatic;
				INFOPLIST_FILE = SwiftDemo/Info.plist;
				LD_RUNPATH_SEARCH_PATHS = (
					"$(inherited)",
					"@executable_path/Frameworks",
				);
				PRODUCT_BUNDLE_IDENTIFIER = com.uldd.SwiftDemo;
				PRODUCT_NAME = "$(TARGET_NAME)";
				SWIFT_VERSION = 5.0;
				TARGETED_DEVICE_FAMILY = "1,2";
			};
			name = Debug;
		};
		F44B57752445684100E29405 /* Release */ = {
			isa = XCBuildConfiguration;
			baseConfigurationReference = 9AF276693D27D48E47027E93 /* Pods-SwiftDemo.release.xcconfig */;
			buildSettings = {
				ASSETCATALOG_COMPILER_APPICON_NAME = AppIcon;
				CODE_SIGN_STYLE = Automatic;
				INFOPLIST_FILE = SwiftDemo/Info.plist;
				LD_RUNPATH_SEARCH_PATHS = (
					"$(inherited)",
					"@executable_path/Frameworks",
				);
				PRODUCT_BUNDLE_IDENTIFIER = com.uldd.SwiftDemo;
				PRODUCT_NAME = "$(TARGET_NAME)";
				SWIFT_VERSION = 5.0;
				TARGETED_DEVICE_FAMILY = "1,2";
			};
			name = Release;
		};
		F44B57772445684100E29405 /* Debug */ = {
			isa = XCBuildConfiguration;
			buildSettings = {
				ALWAYS_EMBED_SWIFT_STANDARD_LIBRARIES = YES;
				BUNDLE_LOADER = "$(TEST_HOST)";
				CODE_SIGN_STYLE = Automatic;
				INFOPLIST_FILE = SwiftDemoTests/Info.plist;
				IPHONEOS_DEPLOYMENT_TARGET = 13.2;
				LD_RUNPATH_SEARCH_PATHS = (
					"$(inherited)",
					"@executable_path/Frameworks",
					"@loader_path/Frameworks",
				);
				PRODUCT_BUNDLE_IDENTIFIER = com.uldd.SwiftDemoTests;
				PRODUCT_NAME = "$(TARGET_NAME)";
				SWIFT_VERSION = 5.0;
				TARGETED_DEVICE_FAMILY = "1,2";
				TEST_HOST = "$(BUILT_PRODUCTS_DIR)/SwiftDemo.app/SwiftDemo";
			};
			name = Debug;
		};
		F44B57782445684100E29405 /* Release */ = {
			isa = XCBuildConfiguration;
			buildSettings = {
				ALWAYS_EMBED_SWIFT_STANDARD_LIBRARIES = YES;
				BUNDLE_LOADER = "$(TEST_HOST)";
				CODE_SIGN_STYLE = Automatic;
				INFOPLIST_FILE = SwiftDemoTests/Info.plist;
				IPHONEOS_DEPLOYMENT_TARGET = 13.2;
				LD_RUNPATH_SEARCH_PATHS = (
					"$(inherited)",
					"@executable_path/Frameworks",
					"@loader_path/Frameworks",
				);
				PRODUCT_BUNDLE_IDENTIFIER = com.uldd.SwiftDemoTests;
				PRODUCT_NAME = "$(TARGET_NAME)";
				SWIFT_VERSION = 5.0;
				TARGETED_DEVICE_FAMILY = "1,2";
				TEST_HOST = "$(BUILT_PRODUCTS_DIR)/SwiftDemo.app/SwiftDemo";
			};
			name = Release;
		};
		F44B577A2445684100E29405 /* Debug */ = {
			isa = XCBuildConfiguration;
			buildSettings = {
				ALWAYS_EMBED_SWIFT_STANDARD_LIBRARIES = YES;
				CODE_SIGN_STYLE = Automatic;
				INFOPLIST_FILE = SwiftDemoUITests/Info.plist;
				LD_RUNPATH_SEARCH_PATHS = (
					"$(inherited)",
					"@executable_path/Frameworks",
					"@loader_path/Frameworks",
				);
				PRODUCT_BUNDLE_IDENTIFIER = com.uldd.SwiftDemoUITests;
				PRODUCT_NAME = "$(TARGET_NAME)";
				SWIFT_VERSION = 5.0;
				TARGETED_DEVICE_FAMILY = "1,2";
				TEST_TARGET_NAME = SwiftDemo;
			};
			name = Debug;
		};
		F44B577B2445684100E29405 /* Release */ = {
			isa = XCBuildConfiguration;
			buildSettings = {
				ALWAYS_EMBED_SWIFT_STANDARD_LIBRARIES = YES;
				CODE_SIGN_STYLE = Automatic;
				INFOPLIST_FILE = SwiftDemoUITests/Info.plist;
				LD_RUNPATH_SEARCH_PATHS = (
					"$(inherited)",
					"@executable_path/Frameworks",
					"@loader_path/Frameworks",
				);
				PRODUCT_BUNDLE_IDENTIFIER = com.uldd.SwiftDemoUITests;
				PRODUCT_NAME = "$(TARGET_NAME)";
				SWIFT_VERSION = 5.0;
				TARGETED_DEVICE_FAMILY = "1,2";
				TEST_TARGET_NAME = SwiftDemo;
			};
			name = Release;
		};
/* End XCBuildConfiguration section */

/* Begin XCConfigurationList section */
		F44B57442445683B00E29405 /* Build configuration list for PBXProject "SwiftDemo" */ = {
			isa = XCConfigurationList;
			buildConfigurations = (
				F44B57712445684100E29405 /* Debug */,
				F44B57722445684100E29405 /* Release */,
			);
			defaultConfigurationIsVisible = 0;
			defaultConfigurationName = Release;
		};
		F44B57732445684100E29405 /* Build configuration list for PBXNativeTarget "SwiftDemo" */ = {
			isa = XCConfigurationList;
			buildConfigurations = (
				F44B57742445684100E29405 /* Debug */,
				F44B57752445684100E29405 /* Release */,
			);
			defaultConfigurationIsVisible = 0;
			defaultConfigurationName = Release;
		};
		F44B57762445684100E29405 /* Build configuration list for PBXNativeTarget "SwiftDemoTests" */ = {
			isa = XCConfigurationList;
			buildConfigurations = (
				F44B57772445684100E29405 /* Debug */,
				F44B57782445684100E29405 /* Release */,
			);
			defaultConfigurationIsVisible = 0;
			defaultConfigurationName = Release;
		};
		F44B57792445684100E29405 /* Build configuration list for PBXNativeTarget "SwiftDemoUITests" */ = {
			isa = XCConfigurationList;
			buildConfigurations = (
				F44B577A2445684100E29405 /* Debug */,
				F44B577B2445684100E29405 /* Release */,
			);
			defaultConfigurationIsVisible = 0;
			defaultConfigurationName = Release;
		};
/* End XCConfigurationList section */
	};
	rootObject = F44B57412445683A00E29405 /* Project object */;
}
